# This file is generated by running "yarn install" inside your project.
# Manual changes might be lost - proceed with caution!

__metadata:
  version: 6
  cacheKey: 8

"@babel/runtime@npm:^7.17.2, @babel/runtime@npm:^7.18.3, @babel/runtime@npm:^7.5.5, @babel/runtime@npm:^7.6.2, @babel/runtime@npm:^7.6.3, @babel/runtime@npm:^7.8.7":
  version: 7.19.4
  resolution: "@babel/runtime@npm:7.19.4"
  dependencies:
    regenerator-runtime: ^0.13.4
  checksum: 66b7e3c13e9ee1d2c9397ea89144f29a875edee266a0eb2d9971be51b32fdbafc85808c7a45e011e6681899bb804b4e2ee2aed6dc07108dbbd6b11b6cc2afba6
  languageName: node
  linkType: hard

"@esbuild/android-arm@npm:0.15.10":
  version: 0.15.10
  resolution: "@esbuild/android-arm@npm:0.15.10"
  conditions: os=android & cpu=arm
  languageName: node
  linkType: hard

"@esbuild/linux-loong64@npm:0.15.10":
  version: 0.15.10
  resolution: "@esbuild/linux-loong64@npm:0.15.10"
  conditions: os=linux & cpu=loong64
  languageName: node
  linkType: hard

"@hotwired/stimulus@npm:^3.1.0":
  version: 3.1.0
  resolution: "@hotwired/stimulus@npm:3.1.0"
  checksum: 82d80b17aa8cd8b69e20da4cc86b768fd8c52d06b40c1606b92526fd405264a65c617d5c051445a5b91af05620ab4475b3c5adc2011ed8d787b4955f9e924845
  languageName: node
  linkType: hard

"@hotwired/turbo-rails@npm:^7.2.0":
  version: 7.2.0
  resolution: "@hotwired/turbo-rails@npm:7.2.0"
  dependencies:
    "@hotwired/turbo": ^7.2.0
    "@rails/actioncable": ^7.0
  checksum: 8a40ba37c68d3ac45fdd810642820c80ff179568dc1e668b844fe1cdf2b4574d666496c9585af1c0c2863ece37a6c7e726024d6e0ad5de39ff6f15ae83d8bf74
  languageName: node
  linkType: hard

"@hotwired/turbo@npm:^7.2.0":
  version: 7.2.0
  resolution: "@hotwired/turbo@npm:7.2.0"
  checksum: cea846f44190e24897b5b142838ca6fef1dcab623832a4af35a3da9e094fb908f44c73c4abc7ba75ca80cac0358c2009fcb17659ae3c97dd955bfb5aa45d8b4b
  languageName: node
  linkType: hard

"@popperjs/core@npm:^2.11.5":
  version: 2.11.6
  resolution: "@popperjs/core@npm:2.11.6"
  checksum: 47fb328cec1924559d759b48235c78574f2d71a8a6c4c03edb6de5d7074078371633b91e39bbf3f901b32aa8af9b9d8f82834856d2f5737a23475036b16817f0
  languageName: node
  linkType: hard

"@rails/actioncable@npm:^7.0":
  version: 7.0.4
  resolution: "@rails/actioncable@npm:7.0.4"
  checksum: b31cae40511a3df4d3048779255219b92f7dd89514f3c9f2da2b219b9b0635261b17b05031c7070756d319bf9165d4d6c021a820b110d53a3e6c441a062accdd
  languageName: node
  linkType: hard

"@react-aria/ssr@npm:^3.2.0":
  version: 3.3.0
  resolution: "@react-aria/ssr@npm:3.3.0"
  dependencies:
    "@babel/runtime": ^7.6.2
  peerDependencies:
    react: ^16.8.0 || ^17.0.0-rc.1 || ^18.0.0
  checksum: 0b7677ef521c65452460601dce3c264b67baa75ef7c99e9755ea55913765054156b6157c9c42e3d56aba86d1704b8b2aeb7672e4084f2f375fe1ec481e33c8c6
  languageName: node
  linkType: hard

"@remix-run/router@npm:1.0.2":
  version: 1.0.2
  resolution: "@remix-run/router@npm:1.0.2"
  checksum: bf410f9cbb31308fc306bc8c5e3a732b9ad81ddb84281e37804bdd196b6db7ddd86abc29e15c5b21883e01b37f250d0b8db7bee5f5a9af6c7c532b68280676c9
  languageName: node
  linkType: hard

"@restart/hooks@npm:^0.4.6, @restart/hooks@npm:^0.4.7":
  version: 0.4.7
  resolution: "@restart/hooks@npm:0.4.7"
  dependencies:
    dequal: ^2.0.2
  peerDependencies:
    react: ">=16.8.0"
  checksum: 1aec4bfb00704c1c31b0c2af04aa28dff1714e36bb8043f7553e06d594aa376b0ba9e0f56b6df532c64b293bf8052c4f8f5bdd5cdad286e9dbaba422a94e21cb
  languageName: node
  linkType: hard

"@restart/ui@npm:^1.3.1":
  version: 1.4.0
  resolution: "@restart/ui@npm:1.4.0"
  dependencies:
    "@babel/runtime": ^7.18.3
    "@popperjs/core": ^2.11.5
    "@react-aria/ssr": ^3.2.0
    "@restart/hooks": ^0.4.7
    "@types/warning": ^3.0.0
    dequal: ^2.0.2
    dom-helpers: ^5.2.0
    uncontrollable: ^7.2.1
    warning: ^4.0.3
  peerDependencies:
    react: ">=16.14.0"
    react-dom: ">=16.14.0"
  checksum: f571eec10349c6db5064676f4c61b5b8b699a54803477939e474be1d0ff620a9c0f3d8fcf237e4f837b74ba44567b78e9963da2ab2bd5907c4b4352faf0fa6b1
  languageName: node
  linkType: hard

"@types/prop-types@npm:*":
  version: 15.7.5
  resolution: "@types/prop-types@npm:15.7.5"
  checksum: 5b43b8b15415e1f298243165f1d44390403bb2bd42e662bca3b5b5633fdd39c938e91b7fce3a9483699db0f7a715d08cef220c121f723a634972fdf596aec980
  languageName: node
  linkType: hard

"@types/react-transition-group@npm:^4.4.4":
  version: 4.4.5
  resolution: "@types/react-transition-group@npm:4.4.5"
  dependencies:
    "@types/react": "*"
  checksum: 265f1c74061556708ffe8d15559e35c60d6c11478c9950d3735575d2c116ca69f461d85effa06d73a613eb8b73c84fd32682feb57cf7c5f9e4284021dbca25b0
  languageName: node
  linkType: hard

"@types/react@npm:*, @types/react@npm:>=16.9.11":
  version: 18.0.21
  resolution: "@types/react@npm:18.0.21"
  dependencies:
    "@types/prop-types": "*"
    "@types/scheduler": "*"
    csstype: ^3.0.2
  checksum: 36c1a7c9d507e81e2e629c1ad3db51d7b84d8b010c2d5008da411874286c6a5ccc711ae1d4c470efc0bdc77153cc8804a40e927e929e5164c669ca41b84b846d
  languageName: node
  linkType: hard

"@types/scheduler@npm:*":
  version: 0.16.2
  resolution: "@types/scheduler@npm:0.16.2"
  checksum: b6b4dcfeae6deba2e06a70941860fb1435730576d3689225a421280b7742318d1548b3d22c1f66ab68e414f346a9542f29240bc955b6332c5b11e561077583bc
  languageName: node
  linkType: hard

"@types/warning@npm:^3.0.0":
  version: 3.0.0
  resolution: "@types/warning@npm:3.0.0"
  checksum: 120dcf90600d583c68a60872200061eab9318ae15ea898581f8e9a6dc71b7941095dd81d8324e36d2a6006e5e12b6fc1cf8eda00cc514ee12bb39a912cc4e040
  languageName: node
  linkType: hard

"app@workspace:.":
  version: 0.0.0-use.local
  resolution: "app@workspace:."
  dependencies:
    "@hotwired/stimulus": ^3.1.0
    "@hotwired/turbo-rails": ^7.2.0
    axios: ^0.27.2
    esbuild: ^0.15.9
    react: ^18.2.0
    react-bootstrap: ^2.5.0
    react-dom: ^18.2.0
    react-router-dom: ^6.4.1
  languageName: unknown
  linkType: soft

"asynckit@npm:^0.4.0":
  version: 0.4.0
  resolution: "asynckit@npm:0.4.0"
  checksum: 7b78c451df768adba04e2d02e63e2d0bf3b07adcd6e42b4cf665cb7ce899bedd344c69a1dcbce355b5f972d597b25aaa1c1742b52cffd9caccb22f348114f6be
  languageName: node
  linkType: hard

"axios@npm:^0.27.2":
  version: 0.27.2
  resolution: "axios@npm:0.27.2"
  dependencies:
    follow-redirects: ^1.14.9
    form-data: ^4.0.0
  checksum: 38cb7540465fe8c4102850c4368053c21683af85c5fdf0ea619f9628abbcb59415d1e22ebc8a6390d2bbc9b58a9806c874f139767389c862ec9b772235f06854
  languageName: node
  linkType: hard

"classnames@npm:^2.3.1":
  version: 2.3.2
  resolution: "classnames@npm:2.3.2"
  checksum: 2c62199789618d95545c872787137262e741f9db13328e216b093eea91c85ef2bfb152c1f9e63027204e2559a006a92eb74147d46c800a9f96297ae1d9f96f4e
  languageName: node
  linkType: hard

"combined-stream@npm:^1.0.8":
  version: 1.0.8
  resolution: "combined-stream@npm:1.0.8"
  dependencies:
    delayed-stream: ~1.0.0
  checksum: 49fa4aeb4916567e33ea81d088f6584749fc90c7abec76fd516bf1c5aa5c79f3584b5ba3de6b86d26ddd64bae5329c4c7479343250cfe71c75bb366eae53bb7c
  languageName: node
  linkType: hard

"csstype@npm:^3.0.2":
  version: 3.1.1
  resolution: "csstype@npm:3.1.1"
  checksum: 1f7b4f5fdd955b7444b18ebdddf3f5c699159f13e9cf8ac9027ae4a60ae226aef9bbb14a6e12ca7dba3358b007cee6354b116e720262867c398de6c955ea451d
  languageName: node
  linkType: hard

"delayed-stream@npm:~1.0.0":
  version: 1.0.0
  resolution: "delayed-stream@npm:1.0.0"
  checksum: 46fe6e83e2cb1d85ba50bd52803c68be9bd953282fa7096f51fc29edd5d67ff84ff753c51966061e5ba7cb5e47ef6d36a91924eddb7f3f3483b1c560f77a0020
  languageName: node
  linkType: hard

"dequal@npm:^2.0.2":
  version: 2.0.3
  resolution: "dequal@npm:2.0.3"
  checksum: 8679b850e1a3d0ebbc46ee780d5df7b478c23f335887464023a631d1b9af051ad4a6595a44220f9ff8ff95a8ddccf019b5ad778a976fd7bbf77383d36f412f90
  languageName: node
  linkType: hard

"dom-helpers@npm:^5.0.1, dom-helpers@npm:^5.2.0, dom-helpers@npm:^5.2.1":
  version: 5.2.1
  resolution: "dom-helpers@npm:5.2.1"
  dependencies:
    "@babel/runtime": ^7.8.7
    csstype: ^3.0.2
  checksum: 863ba9e086f7093df3376b43e74ce4422571d404fc9828bf2c56140963d5edf0e56160f9b2f3bb61b282c07f8fc8134f023c98fd684bddcb12daf7b0f14d951c
  languageName: node
  linkType: hard

"esbuild-android-64@npm:0.15.10":
  version: 0.15.10
  resolution: "esbuild-android-64@npm:0.15.10"
  conditions: os=android & cpu=x64
  languageName: node
  linkType: hard

"esbuild-android-arm64@npm:0.15.10":
  version: 0.15.10
  resolution: "esbuild-android-arm64@npm:0.15.10"
  conditions: os=android & cpu=arm64
  languageName: node
  linkType: hard

"esbuild-darwin-64@npm:0.15.10":
  version: 0.15.10
  resolution: "esbuild-darwin-64@npm:0.15.10"
  conditions: os=darwin & cpu=x64
  languageName: node
  linkType: hard

"esbuild-darwin-arm64@npm:0.15.10":
  version: 0.15.10
  resolution: "esbuild-darwin-arm64@npm:0.15.10"
  conditions: os=darwin & cpu=arm64
  languageName: node
  linkType: hard

"esbuild-freebsd-64@npm:0.15.10":
  version: 0.15.10
  resolution: "esbuild-freebsd-64@npm:0.15.10"
  conditions: os=freebsd & cpu=x64
  languageName: node
  linkType: hard

"esbuild-freebsd-arm64@npm:0.15.10":
  version: 0.15.10
  resolution: "esbuild-freebsd-arm64@npm:0.15.10"
  conditions: os=freebsd & cpu=arm64
  languageName: node
  linkType: hard

"esbuild-linux-32@npm:0.15.10":
  version: 0.15.10
  resolution: "esbuild-linux-32@npm:0.15.10"
  conditions: os=linux & cpu=ia32
  languageName: node
  linkType: hard

"esbuild-linux-64@npm:0.15.10":
  version: 0.15.10
  resolution: "esbuild-linux-64@npm:0.15.10"
  conditions: os=linux & cpu=x64
  languageName: node
  linkType: hard

"esbuild-linux-arm64@npm:0.15.10":
  version: 0.15.10
  resolution: "esbuild-linux-arm64@npm:0.15.10"
  conditions: os=linux & cpu=arm64
  languageName: node
  linkType: hard

"esbuild-linux-arm@npm:0.15.10":
  version: 0.15.10
  resolution: "esbuild-linux-arm@npm:0.15.10"
  conditions: os=linux & cpu=arm
  languageName: node
  linkType: hard

"esbuild-linux-mips64le@npm:0.15.10":
  version: 0.15.10
  resolution: "esbuild-linux-mips64le@npm:0.15.10"
  conditions: os=linux & cpu=mips64el
  languageName: node
  linkType: hard

"esbuild-linux-ppc64le@npm:0.15.10":
  version: 0.15.10
  resolution: "esbuild-linux-ppc64le@npm:0.15.10"
  conditions: os=linux & cpu=ppc64
  languageName: node
  linkType: hard

"esbuild-linux-riscv64@npm:0.15.10":
  version: 0.15.10
  resolution: "esbuild-linux-riscv64@npm:0.15.10"
  conditions: os=linux & cpu=riscv64
  languageName: node
  linkType: hard

"esbuild-linux-s390x@npm:0.15.10":
  version: 0.15.10
  resolution: "esbuild-linux-s390x@npm:0.15.10"
  conditions: os=linux & cpu=s390x
  languageName: node
  linkType: hard

"esbuild-netbsd-64@npm:0.15.10":
  version: 0.15.10
  resolution: "esbuild-netbsd-64@npm:0.15.10"
  conditions: os=netbsd & cpu=x64
  languageName: node
  linkType: hard

"esbuild-openbsd-64@npm:0.15.10":
  version: 0.15.10
  resolution: "esbuild-openbsd-64@npm:0.15.10"
  conditions: os=openbsd & cpu=x64
  languageName: node
  linkType: hard

"esbuild-sunos-64@npm:0.15.10":
  version: 0.15.10
  resolution: "esbuild-sunos-64@npm:0.15.10"
  conditions: os=sunos & cpu=x64
  languageName: node
  linkType: hard

"esbuild-windows-32@npm:0.15.10":
  version: 0.15.10
  resolution: "esbuild-windows-32@npm:0.15.10"
  conditions: os=win32 & cpu=ia32
  languageName: node
  linkType: hard

"esbuild-windows-64@npm:0.15.10":
  version: 0.15.10
  resolution: "esbuild-windows-64@npm:0.15.10"
  conditions: os=win32 & cpu=x64
  languageName: node
  linkType: hard

"esbuild-windows-arm64@npm:0.15.10":
  version: 0.15.10
  resolution: "esbuild-windows-arm64@npm:0.15.10"
  conditions: os=win32 & cpu=arm64
  languageName: node
  linkType: hard

"esbuild@npm:^0.15.9":
  version: 0.15.10
  resolution: "esbuild@npm:0.15.10"
  dependencies:
    "@esbuild/android-arm": 0.15.10
    "@esbuild/linux-loong64": 0.15.10
    esbuild-android-64: 0.15.10
    esbuild-android-arm64: 0.15.10
    esbuild-darwin-64: 0.15.10
    esbuild-darwin-arm64: 0.15.10
    esbuild-freebsd-64: 0.15.10
    esbuild-freebsd-arm64: 0.15.10
    esbuild-linux-32: 0.15.10
    esbuild-linux-64: 0.15.10
    esbuild-linux-arm: 0.15.10
    esbuild-linux-arm64: 0.15.10
    esbuild-linux-mips64le: 0.15.10
    esbuild-linux-ppc64le: 0.15.10
    esbuild-linux-riscv64: 0.15.10
    esbuild-linux-s390x: 0.15.10
    esbuild-netbsd-64: 0.15.10
    esbuild-openbsd-64: 0.15.10
    esbuild-sunos-64: 0.15.10
    esbuild-windows-32: 0.15.10
    esbuild-windows-64: 0.15.10
    esbuild-windows-arm64: 0.15.10
  dependenciesMeta:
    "@esbuild/android-arm":
      optional: true
    "@esbuild/linux-loong64":
      optional: true
    esbuild-android-64:
      optional: true
    esbuild-android-arm64:
      optional: true
    esbuild-darwin-64:
      optional: true
    esbuild-darwin-arm64:
      optional: true
    esbuild-freebsd-64:
      optional: true
    esbuild-freebsd-arm64:
      optional: true
    esbuild-linux-32:
      optional: true
    esbuild-linux-64:
      optional: true
    esbuild-linux-arm:
      optional: true
    esbuild-linux-arm64:
      optional: true
    esbuild-linux-mips64le:
      optional: true
    esbuild-linux-ppc64le:
      optional: true
    esbuild-linux-riscv64:
      optional: true
    esbuild-linux-s390x:
      optional: true
    esbuild-netbsd-64:
      optional: true
    esbuild-openbsd-64:
      optional: true
    esbuild-sunos-64:
      optional: true
    esbuild-windows-32:
      optional: true
    esbuild-windows-64:
      optional: true
    esbuild-windows-arm64:
      optional: true
  bin:
    esbuild: bin/esbuild
  checksum: bc2daadb952c527e7ab0a972fd4f79071c9fd3d948cd97290d3de8811b6b7fc0abc43fb20116dffa24dc923550f4fe7b0d930ff6418ae7dfbff3034c1a01d59a
  languageName: node
  linkType: hard

"follow-redirects@npm:^1.14.9":
  version: 1.15.2
  resolution: "follow-redirects@npm:1.15.2"
  peerDependenciesMeta:
    debug:
      optional: true
  checksum: faa66059b66358ba65c234c2f2a37fcec029dc22775f35d9ad6abac56003268baf41e55f9ee645957b32c7d9f62baf1f0b906e68267276f54ec4b4c597c2b190
  languageName: node
  linkType: hard

"form-data@npm:^4.0.0":
  version: 4.0.0
  resolution: "form-data@npm:4.0.0"
  dependencies:
    asynckit: ^0.4.0
    combined-stream: ^1.0.8
    mime-types: ^2.1.12
  checksum: 01135bf8675f9d5c61ff18e2e2932f719ca4de964e3be90ef4c36aacfc7b9cb2fceb5eca0b7e0190e3383fe51c5b37f4cb80b62ca06a99aaabfcfd6ac7c9328c
  languageName: node
  linkType: hard

"invariant@npm:^2.2.4":
  version: 2.2.4
  resolution: "invariant@npm:2.2.4"
  dependencies:
    loose-envify: ^1.0.0
  checksum: cc3182d793aad82a8d1f0af697b462939cb46066ec48bbf1707c150ad5fad6406137e91a262022c269702e01621f35ef60269f6c0d7fd178487959809acdfb14
  languageName: node
  linkType: hard

"js-tokens@npm:^3.0.0 || ^4.0.0":
  version: 4.0.0
  resolution: "js-tokens@npm:4.0.0"
  checksum: 8a95213a5a77deb6cbe94d86340e8d9ace2b93bc367790b260101d2f36a2eaf4e4e22d9fa9cf459b38af3a32fb4190e638024cf82ec95ef708680e405ea7cc78
  languageName: node
  linkType: hard

"loose-envify@npm:^1.0.0, loose-envify@npm:^1.1.0, loose-envify@npm:^1.4.0":
  version: 1.4.0
  resolution: "loose-envify@npm:1.4.0"
  dependencies:
    js-tokens: ^3.0.0 || ^4.0.0
  bin:
    loose-envify: cli.js
  checksum: 6517e24e0cad87ec9888f500c5b5947032cdfe6ef65e1c1936a0c48a524b81e65542c9c3edc91c97d5bddc806ee2a985dbc79be89215d613b1de5db6d1cfe6f4
  languageName: node
  linkType: hard

"mime-db@npm:1.52.0":
  version: 1.52.0
  resolution: "mime-db@npm:1.52.0"
  checksum: 0d99a03585f8b39d68182803b12ac601d9c01abfa28ec56204fa330bc9f3d1c5e14beb049bafadb3dbdf646dfb94b87e24d4ec7b31b7279ef906a8ea9b6a513f
  languageName: node
  linkType: hard

"mime-types@npm:^2.1.12":
  version: 2.1.35
  resolution: "mime-types@npm:2.1.35"
  dependencies:
    mime-db: 1.52.0
  checksum: 89a5b7f1def9f3af5dad6496c5ed50191ae4331cc5389d7c521c8ad28d5fdad2d06fd81baf38fed813dc4e46bb55c8145bb0ff406330818c9cf712fb2e9b3836
  languageName: node
  linkType: hard

"object-assign@npm:^4.1.1":
  version: 4.1.1
  resolution: "object-assign@npm:4.1.1"
  checksum: fcc6e4ea8c7fe48abfbb552578b1c53e0d194086e2e6bbbf59e0a536381a292f39943c6e9628af05b5528aa5e3318bb30d6b2e53cadaf5b8fe9e12c4b69af23f
  languageName: node
  linkType: hard

"prop-types-extra@npm:^1.1.0":
  version: 1.1.1
  resolution: "prop-types-extra@npm:1.1.1"
  dependencies:
    react-is: ^16.3.2
    warning: ^4.0.0
  peerDependencies:
    react: ">=0.14.0"
  checksum: ebf1c048687bb538457f91a3610abb36ca0f50587a6afae80443a9e65b9db96882d18c3511175a8967fad4ca5dcd804913bbc241d7b5160c74cf69aacdd054f0
  languageName: node
  linkType: hard

"prop-types@npm:^15.6.2, prop-types@npm:^15.8.1":
  version: 15.8.1
  resolution: "prop-types@npm:15.8.1"
  dependencies:
    loose-envify: ^1.4.0
    object-assign: ^4.1.1
    react-is: ^16.13.1
  checksum: c056d3f1c057cb7ff8344c645450e14f088a915d078dcda795041765047fa080d38e5d626560ccaac94a4e16e3aa15f3557c1a9a8d1174530955e992c675e459
  languageName: node
  linkType: hard

"react-bootstrap@npm:^2.5.0":
  version: 2.5.0
  resolution: "react-bootstrap@npm:2.5.0"
  dependencies:
    "@babel/runtime": ^7.17.2
    "@restart/hooks": ^0.4.6
    "@restart/ui": ^1.3.1
    "@types/react-transition-group": ^4.4.4
    classnames: ^2.3.1
    dom-helpers: ^5.2.1
    invariant: ^2.2.4
    prop-types: ^15.8.1
    prop-types-extra: ^1.1.0
    react-transition-group: ^4.4.2
    uncontrollable: ^7.2.1
    warning: ^4.0.3
  peerDependencies:
    "@types/react": ">=16.14.8"
    react: ">=16.14.0"
    react-dom: ">=16.14.0"
  peerDependenciesMeta:
    "@types/react":
      optional: true
  checksum: 7375ae90da1ba26860ad75069aa894a3c8bd452ed21a1332802056f8787c0f92b2c08f5c73cc6a801ebb87eba9245e6c70672286fea52afe3c75e48d9cd03899
  languageName: node
  linkType: hard

"react-dom@npm:^18.2.0":
  version: 18.2.0
  resolution: "react-dom@npm:18.2.0"
  dependencies:
    loose-envify: ^1.1.0
    scheduler: ^0.23.0
  peerDependencies:
    react: ^18.2.0
  checksum: 7d323310bea3a91be2965f9468d552f201b1c27891e45ddc2d6b8f717680c95a75ae0bc1e3f5cf41472446a2589a75aed4483aee8169287909fcd59ad149e8cc
  languageName: node
  linkType: hard

"react-is@npm:^16.13.1, react-is@npm:^16.3.2":
  version: 16.13.1
  resolution: "react-is@npm:16.13.1"
  checksum: f7a19ac3496de32ca9ae12aa030f00f14a3d45374f1ceca0af707c831b2a6098ef0d6bdae51bd437b0a306d7f01d4677fcc8de7c0d331eb47ad0f46130e53c5f
  languageName: node
  linkType: hard

"react-lifecycles-compat@npm:^3.0.4":
  version: 3.0.4
  resolution: "react-lifecycles-compat@npm:3.0.4"
  checksum: a904b0fc0a8eeb15a148c9feb7bc17cec7ef96e71188280061fc340043fd6d8ee3ff233381f0e8f95c1cf926210b2c4a31f38182c8f35ac55057e453d6df204f
  languageName: node
  linkType: hard

"react-router-dom@npm:^6.4.1":
  version: 6.4.2
  resolution: "react-router-dom@npm:6.4.2"
  dependencies:
    "@remix-run/router": 1.0.2
    react-router: 6.4.2
  peerDependencies:
    react: ">=16.8"
    react-dom: ">=16.8"
  checksum: 858e6a5c4c5da56615dbf53118d576d61851157f077805dfe476b10c332329f8b1494062d75a8de6f1bdd35fbcb8a510f8e23beb2306440d2452b9f2fe4b079d
  languageName: node
  linkType: hard

"react-router@npm:6.4.2":
  version: 6.4.2
  resolution: "react-router@npm:6.4.2"
  dependencies:
    "@remix-run/router": 1.0.2
  peerDependencies:
    react: ">=16.8"
  checksum: c229d65d9b0df88dd4e8c57bd59793e371f2c84b4cb200b77ead9f601c8fd7758f72acfffc9a2fc5cb31877af3a0e08ae24aeb75ab2b20681f3b1d33ca671552
  languageName: node
  linkType: hard

"react-transition-group@npm:^4.4.2":
  version: 4.4.5
  resolution: "react-transition-group@npm:4.4.5"
  dependencies:
    "@babel/runtime": ^7.5.5
    dom-helpers: ^5.0.1
    loose-envify: ^1.4.0
    prop-types: ^15.6.2
  peerDependencies:
    react: ">=16.6.0"
    react-dom: ">=16.6.0"
  checksum: 75602840106aa9c6545149d6d7ae1502fb7b7abadcce70a6954c4b64a438ff1cd16fc77a0a1e5197cdd72da398f39eb929ea06f9005c45b132ed34e056ebdeb1
  languageName: node
  linkType: hard

"react@npm:^18.2.0":
  version: 18.2.0
  resolution: "react@npm:18.2.0"
  dependencies:
    loose-envify: ^1.1.0
  checksum: 88e38092da8839b830cda6feef2e8505dec8ace60579e46aa5490fc3dc9bba0bd50336507dc166f43e3afc1c42939c09fe33b25fae889d6f402721dcd78fca1b
  languageName: node
  linkType: hard

"regenerator-runtime@npm:^0.13.4":
  version: 0.13.9
  resolution: "regenerator-runtime@npm:0.13.9"
  checksum: 65ed455fe5afd799e2897baf691ca21c2772e1a969d19bb0c4695757c2d96249eb74ee3553ea34a91062b2a676beedf630b4c1551cc6299afb937be1426ec55e
  languageName: node
  linkType: hard

"scheduler@npm:^0.23.0":
  version: 0.23.0
  resolution: "scheduler@npm:0.23.0"
  dependencies:
    loose-envify: ^1.1.0
  checksum: d79192eeaa12abef860c195ea45d37cbf2bbf5f66e3c4dcd16f54a7da53b17788a70d109ee3d3dde1a0fd50e6a8fc171f4300356c5aee4fc0171de526bf35f8a
  languageName: node
  linkType: hard

"uncontrollable@npm:^7.2.1":
  version: 7.2.1
  resolution: "uncontrollable@npm:7.2.1"
  dependencies:
    "@babel/runtime": ^7.6.3
    "@types/react": ">=16.9.11"
    invariant: ^2.2.4
    react-lifecycles-compat: ^3.0.4
  peerDependencies:
    react: ">=15.0.0"
  checksum: 3345c0c1916193ddb9cc6f2b78711dc9f22b919d780485e15b95690722e9d1797fc702c4ebb30c0acaae6a772b865d0a9ddc83fa1da44958f089aee78f2f5eab
  languageName: node
  linkType: hard

"warning@npm:^4.0.0, warning@npm:^4.0.3":
  version: 4.0.3
  resolution: "warning@npm:4.0.3"
  dependencies:
    loose-envify: ^1.0.0
  checksum: 4f2cb6a9575e4faf71ddad9ad1ae7a00d0a75d24521c193fa464f30e6b04027bd97aa5d9546b0e13d3a150ab402eda216d59c1d0f2d6ca60124d96cd40dfa35c
  languageName: node
  linkType: hard
